
Microsoft Visual Studio Solution File, Format Version 12.00
# Visual Studio Version 17
VisualStudioVersion = 17.9.34714.143
MinimumVisualStudioVersion = 10.0.40219.1
Project("{FAE04EC0-301F-11D3-BF4B-00C04F79EFBC}") = "Iyde.Core", "Iyde.Core\Iyde.Core.csproj", "{C964887F-C7B9-4FFC-AD9A-7A4C46D05D0F}"
EndProject
Project("{FAE04EC0-301F-11D3-BF4B-00C04F79EFBC}") = "Iyde.Reposiroty", "Iyde.Reposiroty\Iyde.Reposiroty.csproj", "{9D00E1DD-F8E2-4B54-8B24-1608F73D2D95}"
EndProject
Project("{FAE04EC0-301F-11D3-BF4B-00C04F79EFBC}") = "Iyde.Web Api", "Iyde.Web Api\Iyde.Web Api.csproj", "{FE25C0B3-2773-446F-9A69-D4D974107017}"
EndProject
Global
	GlobalSection(SolutionConfigurationPlatforms) = preSolution
		Debug|Any CPU = Debug|Any CPU
		Release|Any CPU = Release|Any CPU
	EndGlobalSection
	GlobalSection(ProjectConfigurationPlatforms) = postSolution
		{C964887F-C7B9-4FFC-AD9A-7A4C46D05D0F}.Debug|Any CPU.ActiveCfg = Debug|Any CPU
		{C964887F-C7B9-4FFC-AD9A-7A4C46D05D0F}.Debug|Any CPU.Build.0 = Debug|Any CPU
		{C964887F-C7B9-4FFC-AD9A-7A4C46D05D0F}.Release|Any CPU.ActiveCfg = Release|Any CPU
		{C964887F-C7B9-4FFC-AD9A-7A4C46D05D0F}.Release|Any CPU.Build.0 = Release|Any CPU
		{9D00E1DD-F8E2-4B54-8B24-1608F73D2D95}.Debug|Any CPU.ActiveCfg = Debug|Any CPU
		{9D00E1DD-F8E2-4B54-8B24-1608F73D2D95}.Debug|Any CPU.Build.0 = Debug|Any CPU
		{9D00E1DD-F8E2-4B54-8B24-1608F73D2D95}.Release|Any CPU.ActiveCfg = Release|Any CPU
		{9D00E1DD-F8E2-4B54-8B24-1608F73D2D95}.Release|Any CPU.Build.0 = Release|Any CPU
		{FE25C0B3-2773-446F-9A69-D4D974107017}.Debug|Any CPU.ActiveCfg = Debug|Any CPU
		{FE25C0B3-2773-446F-9A69-D4D974107017}.Debug|Any CPU.Build.0 = Debug|Any CPU
		{FE25C0B3-2773-446F-9A69-D4D974107017}.Release|Any CPU.ActiveCfg = Release|Any CPU
		{FE25C0B3-2773-446F-9A69-D4D974107017}.Release|Any CPU.Build.0 = Release|Any CPU
	EndGlobalSection
	GlobalSection(SolutionProperties) = preSolution
		HideSolutionNode = FALSE
	EndGlobalSection
	GlobalSection(ExtensibilityGlobals) = postSolution
		SolutionGuid = {5E1D8970-6C8A-42DA-8683-4F451F17801C}
	EndGlobalSection
EndGlobal
